<Solution>
  <Folder Name="/src/">
    <Project Path="src/StrandsAgents.Core/StrandsAgents.Core.csproj" />
    <Project Path="src/StrandsAgents.SourceGenerator/StrandsAgents.SourceGenerator.csproj" />
    <Project Path="src/StrandsAgents.Extensions.DI/StrandsAgents.Extensions.DI.csproj" />
    <Project Path="src/StrandsAgents.MultiAgent/StrandsAgents.MultiAgent.csproj" />
    <Project Path="src/StrandsAgents.Tools/StrandsAgents.Tools.csproj" />
    <Project Path="src/StrandsAgents.Models.Bedrock/StrandsAgents.Models.Bedrock.csproj" />
    <Project Path="src/StrandsAgents.Runtime/StrandsAgents.Runtime.csproj" />
  </Folder>
  <Folder Name="/tests/">
    <Project Path="tests/StrandsAgents.Core.Tests/StrandsAgents.Core.Tests.csproj" />
    <Project Path="tests/StrandsAgents.Integration.Tests/StrandsAgents.Integration.Tests.csproj" />
    <Project Path="tests/StrandsAgents.Runtime.Tests/StrandsAgents.Runtime.Tests.csproj" />
  </Folder>
  <Folder Name="/samples/">
    <Project Path="samples/CliAgent/CliAgent.csproj" />
    <Project Path="samples/AspNetAgent/AspNetAgent.csproj" />
    <Project Path="samples/DiAgent/DiAgent.csproj" />
    <Project Path="samples/FileAgent/FileAgent.csproj" />
    <Project Path="samples/MultiAgentPipeline/MultiAgentPipeline.csproj" />
    <Project Path="samples/OrchestratedResearch/OrchestratedResearch.csproj" />
    <Project Path="samples/SupportTriage/SupportTriage.csproj" />
    <Project Path="samples/CustomerServiceApi/CustomerServiceApi.csproj" />
    <Project Path="samples/FinanceAssistant/FinanceAssistant.csproj" />
    <Project Path="samples/PersistentAssistant/PersistentAssistant.csproj" />
    <Project Path="samples/ChatUI/ChatUI.csproj" />
    <Project Path="samples/BlazorResearch/BlazorResearch.csproj" />
    <Project Path="samples/AgentCoreSample/AgentCoreSample.csproj" />
    <Project Path="samples/AgentCoreGatewaySample/AgentCoreGatewaySample.csproj" />
    <Folder Name="/samples/DistributedAgents/">
      <Project Path="samples/DistributedAgents/ResearchService/ResearchService.csproj" />
      <Project Path="samples/DistributedAgents/WriterClient/WriterClient.csproj" />
    </Folder>
  </Folder>
</Solution>
