
Microsoft Visual Studio Solution File, Format Version 12.00
# Visual Studio Version 17
VisualStudioVersion = 17.0.31903.59
MinimumVisualStudioVersion = 10.0.40219.1
Project("{9A19103F-16F7-4668-BE54-9A1E7A4F7556}") = "StrandsAgents.Core", "src\StrandsAgents.Core\StrandsAgents.Core.csproj", "{A1B2C3D4-E5F6-7890-ABCD-EF1234567801}"
EndProject
Project("{9A19103F-16F7-4668-BE54-9A1E7A4F7556}") = "StrandsAgents.SourceGenerator", "src\StrandsAgents.SourceGenerator\StrandsAgents.SourceGenerator.csproj", "{A1B2C3D4-E5F6-7890-ABCD-EF1234567802}"
EndProject
Project("{9A19103F-16F7-4668-BE54-9A1E7A4F7556}") = "StrandsAgents.Extensions.DI", "src\StrandsAgents.Extensions.DI\StrandsAgents.Extensions.DI.csproj", "{A1B2C3D4-E5F6-7890-ABCD-EF1234567803}"
EndProject
Project("{9A19103F-16F7-4668-BE54-9A1E7A4F7556}") = "StrandsAgents.MultiAgent", "src\StrandsAgents.MultiAgent\StrandsAgents.MultiAgent.csproj", "{A1B2C3D4-E5F6-7890-ABCD-EF1234567804}"
EndProject
Project("{9A19103F-16F7-4668-BE54-9A1E7A4F7556}") = "StrandsAgents.Tools", "src\StrandsAgents.Tools\StrandsAgents.Tools.csproj", "{A1B2C3D4-E5F6-7890-ABCD-EF1234567805}"
EndProject
Project("{9A19103F-16F7-4668-BE54-9A1E7A4F7556}") = "StrandsAgents.Models.Bedrock", "src\StrandsAgents.Models.Bedrock\StrandsAgents.Models.Bedrock.csproj", "{A1B2C3D4-E5F6-7890-ABCD-EF1234567806}"
EndProject
Project("{9A19103F-16F7-4668-BE54-9A1E7A4F7556}") = "StrandsAgents.Core.Tests", "tests\StrandsAgents.Core.Tests\StrandsAgents.Core.Tests.csproj", "{A1B2C3D4-E5F6-7890-ABCD-EF1234567807}"
EndProject
Project("{9A19103F-16F7-4668-BE54-9A1E7A4F7556}") = "StrandsAgents.Integration.Tests", "tests\StrandsAgents.Integration.Tests\StrandsAgents.Integration.Tests.csproj", "{A1B2C3D4-E5F6-7890-ABCD-EF1234567808}"
EndProject
Project("{9A19103F-16F7-4668-BE54-9A1E7A4F7556}") = "CliAgent", "samples\CliAgent\CliAgent.csproj", "{A1B2C3D4-E5F6-7890-ABCD-EF1234567809}"
EndProject
Project("{9A19103F-16F7-4668-BE54-9A1E7A4F7556}") = "AspNetAgent", "samples\AspNetAgent\AspNetAgent.csproj", "{A1B2C3D4-E5F6-7890-ABCD-EF123456780A}"
EndProject
Project("{9A19103F-16F7-4668-BE54-9A1E7A4F7556}") = "MultiAgentPipeline", "samples\MultiAgentPipeline\MultiAgentPipeline.csproj", "{A1B2C3D4-E5F6-7890-ABCD-EF123456780B}"
EndProject
Project("{9A19103F-16F7-4668-BE54-9A1E7A4F7556}") = "FileAgent", "samples\FileAgent\FileAgent.csproj", "{A1B2C3D4-E5F6-7890-ABCD-EF123456780F}"
EndProject
Project("{9A19103F-16F7-4668-BE54-9A1E7A4F7556}") = "DiAgent", "samples\DiAgent\DiAgent.csproj", "{A1B2C3D4-E5F6-7890-ABCD-EF1234567810}"
EndProject
Project("{9A19103F-16F7-4668-BE54-9A1E7A4F7556}") = "OrchestratedResearch", "samples\OrchestratedResearch\OrchestratedResearch.csproj", "{A1B2C3D4-E5F6-7890-ABCD-EF1234567811}"
EndProject
Project("{2150E333-8FDC-42A3-9474-1A3956D46DE8}") = "src", "src", "{A1B2C3D4-E5F6-7890-ABCD-EF123456780C}"
EndProject
Project("{2150E333-8FDC-42A3-9474-1A3956D46DE8}") = "tests", "tests", "{A1B2C3D4-E5F6-7890-ABCD-EF123456780D}"
EndProject
Project("{2150E333-8FDC-42A3-9474-1A3956D46DE8}") = "samples", "samples", "{A1B2C3D4-E5F6-7890-ABCD-EF123456780E}"
EndProject
Project("{FAE04EC0-301F-11D3-BF4B-00C04F79EFBC}") = "SupportTriage", "samples\SupportTriage\SupportTriage.csproj", "{AFE5626C-4EBA-4F9F-AB9E-A6751F5D2090}"
EndProject
Project("{FAE04EC0-301F-11D3-BF4B-00C04F79EFBC}") = "CustomerServiceApi", "samples\CustomerServiceApi\CustomerServiceApi.csproj", "{3F99ADCE-7D93-49B1-853C-7E9E6334BD90}"
EndProject
Project("{FAE04EC0-301F-11D3-BF4B-00C04F79EFBC}") = "FinanceAssistant", "samples\FinanceAssistant\FinanceAssistant.csproj", "{DCFE239C-8D5B-4B31-811E-1372F55AA106}"
EndProject
Project("{FAE04EC0-301F-11D3-BF4B-00C04F79EFBC}") = "PersistentAssistant", "samples\PersistentAssistant\PersistentAssistant.csproj", "{90256FC2-FBA2-42C8-854C-46BEB110050F}"
EndProject
Project("{2150E333-8FDC-42A3-9474-1A3956D46DE8}") = "DistributedAgents", "DistributedAgents", "{A9925A53-726D-E7E9-6F0C-52EE0AA1193E}"
EndProject
Project("{FAE04EC0-301F-11D3-BF4B-00C04F79EFBC}") = "ResearchService", "samples\DistributedAgents\ResearchService\ResearchService.csproj", "{EFAB4B64-6AB7-482D-AAA7-FE4A99020664}"
EndProject
Project("{FAE04EC0-301F-11D3-BF4B-00C04F79EFBC}") = "WriterClient", "samples\DistributedAgents\WriterClient\WriterClient.csproj", "{5056AA54-1C5F-4D9F-B3E3-EA34C40B279D}"
EndProject
Project("{FAE04EC0-301F-11D3-BF4B-00C04F79EFBC}") = "ChatUI", "samples\ChatUI\ChatUI.csproj", "{B848B3AB-D7D9-466D-9B1A-FEFC4DB44039}"
EndProject
Project("{FAE04EC0-301F-11D3-BF4B-00C04F79EFBC}") = "BlazorResearch", "samples\BlazorResearch\BlazorResearch.csproj", "{45D6C5E4-E883-4365-B080-F23C6BA8D6D1}"
EndProject
Project("{FAE04EC0-301F-11D3-BF4B-00C04F79EFBC}") = "StrandsAgents.Runtime", "src\StrandsAgents.Runtime\StrandsAgents.Runtime.csproj", "{5D699024-D5DE-4EC9-BC32-A4B8C5AEF4CC}"
EndProject
Project("{FAE04EC0-301F-11D3-BF4B-00C04F79EFBC}") = "StrandsAgents.Runtime.Tests", "tests\StrandsAgents.Runtime.Tests\StrandsAgents.Runtime.Tests.csproj", "{1FD61833-C9FF-436E-93CE-EF11943CB2B2}"
EndProject
Project("{FAE04EC0-301F-11D3-BF4B-00C04F79EFBC}") = "AgentCoreSample", "samples\AgentCoreSample\AgentCoreSample.csproj", "{5DE74ABD-7661-441A-94FE-D5951683AFC2}"
EndProject
Project("{FAE04EC0-301F-11D3-BF4B-00C04F79EFBC}") = "AgentCoreGatewaySample", "samples\AgentCoreGatewaySample\AgentCoreGatewaySample.csproj", "{B2D3320C-45F3-4E46-92CD-4F72465FA9F6}"
EndProject
Project("{FAE04EC0-301F-11D3-BF4B-00C04F79EFBC}") = "ResponsibleAiSample", "samples\ResponsibleAiSample\ResponsibleAiSample.csproj", "{C3E4F5A6-B7C8-4D9E-AF01-234567890ABC}"
EndProject
Global
	GlobalSection(SolutionConfigurationPlatforms) = preSolution
		Debug|Any CPU = Debug|Any CPU
		Debug|x64 = Debug|x64
		Debug|x86 = Debug|x86
		Release|Any CPU = Release|Any CPU
		Release|x64 = Release|x64
		Release|x86 = Release|x86
	EndGlobalSection
	GlobalSection(ProjectConfigurationPlatforms) = postSolution
		{A1B2C3D4-E5F6-7890-ABCD-EF1234567801}.Debug|Any CPU.ActiveCfg = Debug|Any CPU
		{A1B2C3D4-E5F6-7890-ABCD-EF1234567801}.Debug|Any CPU.Build.0 = Debug|Any CPU
		{A1B2C3D4-E5F6-7890-ABCD-EF1234567801}.Debug|x64.ActiveCfg = Debug|Any CPU
		{A1B2C3D4-E5F6-7890-ABCD-EF1234567801}.Debug|x64.Build.0 = Debug|Any CPU
		{A1B2C3D4-E5F6-7890-ABCD-EF1234567801}.Debug|x86.ActiveCfg = Debug|Any CPU
		{A1B2C3D4-E5F6-7890-ABCD-EF1234567801}.Debug|x86.Build.0 = Debug|Any CPU
		{A1B2C3D4-E5F6-7890-ABCD-EF1234567801}.Release|Any CPU.ActiveCfg = Release|Any CPU
		{A1B2C3D4-E5F6-7890-ABCD-EF1234567801}.Release|Any CPU.Build.0 = Release|Any CPU
		{A1B2C3D4-E5F6-7890-ABCD-EF1234567801}.Release|x64.ActiveCfg = Release|Any CPU
		{A1B2C3D4-E5F6-7890-ABCD-EF1234567801}.Release|x64.Build.0 = Release|Any CPU
		{A1B2C3D4-E5F6-7890-ABCD-EF1234567801}.Release|x86.ActiveCfg = Release|Any CPU
		{A1B2C3D4-E5F6-7890-ABCD-EF1234567801}.Release|x86.Build.0 = Release|Any CPU
		{A1B2C3D4-E5F6-7890-ABCD-EF1234567802}.Debug|Any CPU.ActiveCfg = Debug|Any CPU
		{A1B2C3D4-E5F6-7890-ABCD-EF1234567802}.Debug|Any CPU.Build.0 = Debug|Any CPU
		{A1B2C3D4-E5F6-7890-ABCD-EF1234567802}.Debug|x64.ActiveCfg = Debug|Any CPU
		{A1B2C3D4-E5F6-7890-ABCD-EF1234567802}.Debug|x64.Build.0 = Debug|Any CPU
		{A1B2C3D4-E5F6-7890-ABCD-EF1234567802}.Debug|x86.ActiveCfg = Debug|Any CPU
		{A1B2C3D4-E5F6-7890-ABCD-EF1234567802}.Debug|x86.Build.0 = Debug|Any CPU
		{A1B2C3D4-E5F6-7890-ABCD-EF1234567802}.Release|Any CPU.ActiveCfg = Release|Any CPU
		{A1B2C3D4-E5F6-7890-ABCD-EF1234567802}.Release|Any CPU.Build.0 = Release|Any CPU
		{A1B2C3D4-E5F6-7890-ABCD-EF1234567802}.Release|x64.ActiveCfg = Release|Any CPU
		{A1B2C3D4-E5F6-7890-ABCD-EF1234567802}.Release|x64.Build.0 = Release|Any CPU
		{A1B2C3D4-E5F6-7890-ABCD-EF1234567802}.Release|x86.ActiveCfg = Release|Any CPU
		{A1B2C3D4-E5F6-7890-ABCD-EF1234567802}.Release|x86.Build.0 = Release|Any CPU
		{A1B2C3D4-E5F6-7890-ABCD-EF1234567803}.Debug|Any CPU.ActiveCfg = Debug|Any CPU
		{A1B2C3D4-E5F6-7890-ABCD-EF1234567803}.Debug|Any CPU.Build.0 = Debug|Any CPU
		{A1B2C3D4-E5F6-7890-ABCD-EF1234567803}.Debug|x64.ActiveCfg = Debug|Any CPU
		{A1B2C3D4-E5F6-7890-ABCD-EF1234567803}.Debug|x64.Build.0 = Debug|Any CPU
		{A1B2C3D4-E5F6-7890-ABCD-EF1234567803}.Debug|x86.ActiveCfg = Debug|Any CPU
		{A1B2C3D4-E5F6-7890-ABCD-EF1234567803}.Debug|x86.Build.0 = Debug|Any CPU
		{A1B2C3D4-E5F6-7890-ABCD-EF1234567803}.Release|Any CPU.ActiveCfg = Release|Any CPU
		{A1B2C3D4-E5F6-7890-ABCD-EF1234567803}.Release|Any CPU.Build.0 = Release|Any CPU
		{A1B2C3D4-E5F6-7890-ABCD-EF1234567803}.Release|x64.ActiveCfg = Release|Any CPU
		{A1B2C3D4-E5F6-7890-ABCD-EF1234567803}.Release|x64.Build.0 = Release|Any CPU
		{A1B2C3D4-E5F6-7890-ABCD-EF1234567803}.Release|x86.ActiveCfg = Release|Any CPU
		{A1B2C3D4-E5F6-7890-ABCD-EF1234567803}.Release|x86.Build.0 = Release|Any CPU
		{A1B2C3D4-E5F6-7890-ABCD-EF1234567804}.Debug|Any CPU.ActiveCfg = Debug|Any CPU
		{A1B2C3D4-E5F6-7890-ABCD-EF1234567804}.Debug|Any CPU.Build.0 = Debug|Any CPU
		{A1B2C3D4-E5F6-7890-ABCD-EF1234567804}.Debug|x64.ActiveCfg = Debug|Any CPU
		{A1B2C3D4-E5F6-7890-ABCD-EF1234567804}.Debug|x64.Build.0 = Debug|Any CPU
		{A1B2C3D4-E5F6-7890-ABCD-EF1234567804}.Debug|x86.ActiveCfg = Debug|Any CPU
		{A1B2C3D4-E5F6-7890-ABCD-EF1234567804}.Debug|x86.Build.0 = Debug|Any CPU
		{A1B2C3D4-E5F6-7890-ABCD-EF1234567804}.Release|Any CPU.ActiveCfg = Release|Any CPU
		{A1B2C3D4-E5F6-7890-ABCD-EF1234567804}.Release|Any CPU.Build.0 = Release|Any CPU
		{A1B2C3D4-E5F6-7890-ABCD-EF1234567804}.Release|x64.ActiveCfg = Release|Any CPU
		{A1B2C3D4-E5F6-7890-ABCD-EF1234567804}.Release|x64.Build.0 = Release|Any CPU
		{A1B2C3D4-E5F6-7890-ABCD-EF1234567804}.Release|x86.ActiveCfg = Release|Any CPU
		{A1B2C3D4-E5F6-7890-ABCD-EF1234567804}.Release|x86.Build.0 = Release|Any CPU
		{A1B2C3D4-E5F6-7890-ABCD-EF1234567805}.Debug|Any CPU.ActiveCfg = Debug|Any CPU
		{A1B2C3D4-E5F6-7890-ABCD-EF1234567805}.Debug|Any CPU.Build.0 = Debug|Any CPU
		{A1B2C3D4-E5F6-7890-ABCD-EF1234567805}.Debug|x64.ActiveCfg = Debug|Any CPU
		{A1B2C3D4-E5F6-7890-ABCD-EF1234567805}.Debug|x64.Build.0 = Debug|Any CPU
		{A1B2C3D4-E5F6-7890-ABCD-EF1234567805}.Debug|x86.ActiveCfg = Debug|Any CPU
		{A1B2C3D4-E5F6-7890-ABCD-EF1234567805}.Debug|x86.Build.0 = Debug|Any CPU
		{A1B2C3D4-E5F6-7890-ABCD-EF1234567805}.Release|Any CPU.ActiveCfg = Release|Any CPU
		{A1B2C3D4-E5F6-7890-ABCD-EF1234567805}.Release|Any CPU.Build.0 = Release|Any CPU
		{A1B2C3D4-E5F6-7890-ABCD-EF1234567805}.Release|x64.ActiveCfg = Release|Any CPU
		{A1B2C3D4-E5F6-7890-ABCD-EF1234567805}.Release|x64.Build.0 = Release|Any CPU
		{A1B2C3D4-E5F6-7890-ABCD-EF1234567805}.Release|x86.ActiveCfg = Release|Any CPU
		{A1B2C3D4-E5F6-7890-ABCD-EF1234567805}.Release|x86.Build.0 = Release|Any CPU
		{A1B2C3D4-E5F6-7890-ABCD-EF1234567806}.Debug|Any CPU.ActiveCfg = Debug|Any CPU
		{A1B2C3D4-E5F6-7890-ABCD-EF1234567806}.Debug|Any CPU.Build.0 = Debug|Any CPU
		{A1B2C3D4-E5F6-7890-ABCD-EF1234567806}.Debug|x64.ActiveCfg = Debug|Any CPU
		{A1B2C3D4-E5F6-7890-ABCD-EF1234567806}.Debug|x64.Build.0 = Debug|Any CPU
		{A1B2C3D4-E5F6-7890-ABCD-EF1234567806}.Debug|x86.ActiveCfg = Debug|Any CPU
		{A1B2C3D4-E5F6-7890-ABCD-EF1234567806}.Debug|x86.Build.0 = Debug|Any CPU
		{A1B2C3D4-E5F6-7890-ABCD-EF1234567806}.Release|Any CPU.ActiveCfg = Release|Any CPU
		{A1B2C3D4-E5F6-7890-ABCD-EF1234567806}.Release|Any CPU.Build.0 = Release|Any CPU
		{A1B2C3D4-E5F6-7890-ABCD-EF1234567806}.Release|x64.ActiveCfg = Release|Any CPU
		{A1B2C3D4-E5F6-7890-ABCD-EF1234567806}.Release|x64.Build.0 = Release|Any CPU
		{A1B2C3D4-E5F6-7890-ABCD-EF1234567806}.Release|x86.ActiveCfg = Release|Any CPU
		{A1B2C3D4-E5F6-7890-ABCD-EF1234567806}.Release|x86.Build.0 = Release|Any CPU
		{A1B2C3D4-E5F6-7890-ABCD-EF1234567807}.Debug|Any CPU.ActiveCfg = Debug|Any CPU
		{A1B2C3D4-E5F6-7890-ABCD-EF1234567807}.Debug|Any CPU.Build.0 = Debug|Any CPU
		{A1B2C3D4-E5F6-7890-ABCD-EF1234567807}.Debug|x64.ActiveCfg = Debug|Any CPU
		{A1B2C3D4-E5F6-7890-ABCD-EF1234567807}.Debug|x64.Build.0 = Debug|Any CPU
		{A1B2C3D4-E5F6-7890-ABCD-EF1234567807}.Debug|x86.ActiveCfg = Debug|Any CPU
		{A1B2C3D4-E5F6-7890-ABCD-EF1234567807}.Debug|x86.Build.0 = Debug|Any CPU
		{A1B2C3D4-E5F6-7890-ABCD-EF1234567807}.Release|Any CPU.ActiveCfg = Release|Any CPU
		{A1B2C3D4-E5F6-7890-ABCD-EF1234567807}.Release|Any CPU.Build.0 = Release|Any CPU
		{A1B2C3D4-E5F6-7890-ABCD-EF1234567807}.Release|x64.ActiveCfg = Release|Any CPU
		{A1B2C3D4-E5F6-7890-ABCD-EF1234567807}.Release|x64.Build.0 = Release|Any CPU
		{A1B2C3D4-E5F6-7890-ABCD-EF1234567807}.Release|x86.ActiveCfg = Release|Any CPU
		{A1B2C3D4-E5F6-7890-ABCD-EF1234567807}.Release|x86.Build.0 = Release|Any CPU
		{A1B2C3D4-E5F6-7890-ABCD-EF1234567808}.Debug|Any CPU.ActiveCfg = Debug|Any CPU
		{A1B2C3D4-E5F6-7890-ABCD-EF1234567808}.Debug|Any CPU.Build.0 = Debug|Any CPU
		{A1B2C3D4-E5F6-7890-ABCD-EF1234567808}.Debug|x64.ActiveCfg = Debug|Any CPU
		{A1B2C3D4-E5F6-7890-ABCD-EF1234567808}.Debug|x64.Build.0 = Debug|Any CPU
		{A1B2C3D4-E5F6-7890-ABCD-EF1234567808}.Debug|x86.ActiveCfg = Debug|Any CPU
		{A1B2C3D4-E5F6-7890-ABCD-EF1234567808}.Debug|x86.Build.0 = Debug|Any CPU
		{A1B2C3D4-E5F6-7890-ABCD-EF1234567808}.Release|Any CPU.ActiveCfg = Release|Any CPU
		{A1B2C3D4-E5F6-7890-ABCD-EF1234567808}.Release|Any CPU.Build.0 = Release|Any CPU
		{A1B2C3D4-E5F6-7890-ABCD-EF1234567808}.Release|x64.ActiveCfg = Release|Any CPU
		{A1B2C3D4-E5F6-7890-ABCD-EF1234567808}.Release|x64.Build.0 = Release|Any CPU
		{A1B2C3D4-E5F6-7890-ABCD-EF1234567808}.Release|x86.ActiveCfg = Release|Any CPU
		{A1B2C3D4-E5F6-7890-ABCD-EF1234567808}.Release|x86.Build.0 = Release|Any CPU
		{A1B2C3D4-E5F6-7890-ABCD-EF1234567809}.Debug|Any CPU.ActiveCfg = Debug|Any CPU
		{A1B2C3D4-E5F6-7890-ABCD-EF1234567809}.Debug|Any CPU.Build.0 = Debug|Any CPU
		{A1B2C3D4-E5F6-7890-ABCD-EF1234567809}.Debug|x64.ActiveCfg = Debug|Any CPU
		{A1B2C3D4-E5F6-7890-ABCD-EF1234567809}.Debug|x64.Build.0 = Debug|Any CPU
		{A1B2C3D4-E5F6-7890-ABCD-EF1234567809}.Debug|x86.ActiveCfg = Debug|Any CPU
		{A1B2C3D4-E5F6-7890-ABCD-EF1234567809}.Debug|x86.Build.0 = Debug|Any CPU
		{A1B2C3D4-E5F6-7890-ABCD-EF1234567809}.Release|Any CPU.ActiveCfg = Release|Any CPU
		{A1B2C3D4-E5F6-7890-ABCD-EF1234567809}.Release|Any CPU.Build.0 = Release|Any CPU
		{A1B2C3D4-E5F6-7890-ABCD-EF1234567809}.Release|x64.ActiveCfg = Release|Any CPU
		{A1B2C3D4-E5F6-7890-ABCD-EF1234567809}.Release|x64.Build.0 = Release|Any CPU
		{A1B2C3D4-E5F6-7890-ABCD-EF1234567809}.Release|x86.ActiveCfg = Release|Any CPU
		{A1B2C3D4-E5F6-7890-ABCD-EF1234567809}.Release|x86.Build.0 = Release|Any CPU
		{A1B2C3D4-E5F6-7890-ABCD-EF123456780A}.Debug|Any CPU.ActiveCfg = Debug|Any CPU
		{A1B2C3D4-E5F6-7890-ABCD-EF123456780A}.Debug|Any CPU.Build.0 = Debug|Any CPU
		{A1B2C3D4-E5F6-7890-ABCD-EF123456780A}.Debug|x64.ActiveCfg = Debug|Any CPU
		{A1B2C3D4-E5F6-7890-ABCD-EF123456780A}.Debug|x64.Build.0 = Debug|Any CPU
		{A1B2C3D4-E5F6-7890-ABCD-EF123456780A}.Debug|x86.ActiveCfg = Debug|Any CPU
		{A1B2C3D4-E5F6-7890-ABCD-EF123456780A}.Debug|x86.Build.0 = Debug|Any CPU
		{A1B2C3D4-E5F6-7890-ABCD-EF123456780A}.Release|Any CPU.ActiveCfg = Release|Any CPU
		{A1B2C3D4-E5F6-7890-ABCD-EF123456780A}.Release|Any CPU.Build.0 = Release|Any CPU
		{A1B2C3D4-E5F6-7890-ABCD-EF123456780A}.Release|x64.ActiveCfg = Release|Any CPU
		{A1B2C3D4-E5F6-7890-ABCD-EF123456780A}.Release|x64.Build.0 = Release|Any CPU
		{A1B2C3D4-E5F6-7890-ABCD-EF123456780A}.Release|x86.ActiveCfg = Release|Any CPU
		{A1B2C3D4-E5F6-7890-ABCD-EF123456780A}.Release|x86.Build.0 = Release|Any CPU
		{A1B2C3D4-E5F6-7890-ABCD-EF123456780B}.Debug|Any CPU.ActiveCfg = Debug|Any CPU
		{A1B2C3D4-E5F6-7890-ABCD-EF123456780B}.Debug|Any CPU.Build.0 = Debug|Any CPU
		{A1B2C3D4-E5F6-7890-ABCD-EF123456780B}.Debug|x64.ActiveCfg = Debug|Any CPU
		{A1B2C3D4-E5F6-7890-ABCD-EF123456780B}.Debug|x64.Build.0 = Debug|Any CPU
		{A1B2C3D4-E5F6-7890-ABCD-EF123456780B}.Debug|x86.ActiveCfg = Debug|Any CPU
		{A1B2C3D4-E5F6-7890-ABCD-EF123456780B}.Debug|x86.Build.0 = Debug|Any CPU
		{A1B2C3D4-E5F6-7890-ABCD-EF123456780B}.Release|Any CPU.ActiveCfg = Release|Any CPU
		{A1B2C3D4-E5F6-7890-ABCD-EF123456780B}.Release|Any CPU.Build.0 = Release|Any CPU
		{A1B2C3D4-E5F6-7890-ABCD-EF123456780B}.Release|x64.ActiveCfg = Release|Any CPU
		{A1B2C3D4-E5F6-7890-ABCD-EF123456780B}.Release|x64.Build.0 = Release|Any CPU
		{A1B2C3D4-E5F6-7890-ABCD-EF123456780B}.Release|x86.ActiveCfg = Release|Any CPU
		{A1B2C3D4-E5F6-7890-ABCD-EF123456780B}.Release|x86.Build.0 = Release|Any CPU
		{A1B2C3D4-E5F6-7890-ABCD-EF123456780F}.Debug|Any CPU.ActiveCfg = Debug|Any CPU
		{A1B2C3D4-E5F6-7890-ABCD-EF123456780F}.Debug|Any CPU.Build.0 = Debug|Any CPU
		{A1B2C3D4-E5F6-7890-ABCD-EF123456780F}.Debug|x64.ActiveCfg = Debug|Any CPU
		{A1B2C3D4-E5F6-7890-ABCD-EF123456780F}.Debug|x64.Build.0 = Debug|Any CPU
		{A1B2C3D4-E5F6-7890-ABCD-EF123456780F}.Debug|x86.ActiveCfg = Debug|Any CPU
		{A1B2C3D4-E5F6-7890-ABCD-EF123456780F}.Debug|x86.Build.0 = Debug|Any CPU
		{A1B2C3D4-E5F6-7890-ABCD-EF123456780F}.Release|Any CPU.ActiveCfg = Release|Any CPU
		{A1B2C3D4-E5F6-7890-ABCD-EF123456780F}.Release|Any CPU.Build.0 = Release|Any CPU
		{A1B2C3D4-E5F6-7890-ABCD-EF123456780F}.Release|x64.ActiveCfg = Release|Any CPU
		{A1B2C3D4-E5F6-7890-ABCD-EF123456780F}.Release|x64.Build.0 = Release|Any CPU
		{A1B2C3D4-E5F6-7890-ABCD-EF123456780F}.Release|x86.ActiveCfg = Release|Any CPU
		{A1B2C3D4-E5F6-7890-ABCD-EF123456780F}.Release|x86.Build.0 = Release|Any CPU
		{A1B2C3D4-E5F6-7890-ABCD-EF1234567810}.Debug|Any CPU.ActiveCfg = Debug|Any CPU
		{A1B2C3D4-E5F6-7890-ABCD-EF1234567810}.Debug|Any CPU.Build.0 = Debug|Any CPU
		{A1B2C3D4-E5F6-7890-ABCD-EF1234567810}.Debug|x64.ActiveCfg = Debug|Any CPU
		{A1B2C3D4-E5F6-7890-ABCD-EF1234567810}.Debug|x64.Build.0 = Debug|Any CPU
		{A1B2C3D4-E5F6-7890-ABCD-EF1234567810}.Debug|x86.ActiveCfg = Debug|Any CPU
		{A1B2C3D4-E5F6-7890-ABCD-EF1234567810}.Debug|x86.Build.0 = Debug|Any CPU
		{A1B2C3D4-E5F6-7890-ABCD-EF1234567810}.Release|Any CPU.ActiveCfg = Release|Any CPU
		{A1B2C3D4-E5F6-7890-ABCD-EF1234567810}.Release|Any CPU.Build.0 = Release|Any CPU
		{A1B2C3D4-E5F6-7890-ABCD-EF1234567810}.Release|x64.ActiveCfg = Release|Any CPU
		{A1B2C3D4-E5F6-7890-ABCD-EF1234567810}.Release|x64.Build.0 = Release|Any CPU
		{A1B2C3D4-E5F6-7890-ABCD-EF1234567810}.Release|x86.ActiveCfg = Release|Any CPU
		{A1B2C3D4-E5F6-7890-ABCD-EF1234567810}.Release|x86.Build.0 = Release|Any CPU
		{A1B2C3D4-E5F6-7890-ABCD-EF1234567811}.Debug|Any CPU.ActiveCfg = Debug|Any CPU
		{A1B2C3D4-E5F6-7890-ABCD-EF1234567811}.Debug|Any CPU.Build.0 = Debug|Any CPU
		{A1B2C3D4-E5F6-7890-ABCD-EF1234567811}.Debug|x64.ActiveCfg = Debug|Any CPU
		{A1B2C3D4-E5F6-7890-ABCD-EF1234567811}.Debug|x64.Build.0 = Debug|Any CPU
		{A1B2C3D4-E5F6-7890-ABCD-EF1234567811}.Debug|x86.ActiveCfg = Debug|Any CPU
		{A1B2C3D4-E5F6-7890-ABCD-EF1234567811}.Debug|x86.Build.0 = Debug|Any CPU
		{A1B2C3D4-E5F6-7890-ABCD-EF1234567811}.Release|Any CPU.ActiveCfg = Release|Any CPU
		{A1B2C3D4-E5F6-7890-ABCD-EF1234567811}.Release|Any CPU.Build.0 = Release|Any CPU
		{A1B2C3D4-E5F6-7890-ABCD-EF1234567811}.Release|x64.ActiveCfg = Release|Any CPU
		{A1B2C3D4-E5F6-7890-ABCD-EF1234567811}.Release|x64.Build.0 = Release|Any CPU
		{A1B2C3D4-E5F6-7890-ABCD-EF1234567811}.Release|x86.ActiveCfg = Release|Any CPU
		{A1B2C3D4-E5F6-7890-ABCD-EF1234567811}.Release|x86.Build.0 = Release|Any CPU
		{AFE5626C-4EBA-4F9F-AB9E-A6751F5D2090}.Debug|Any CPU.ActiveCfg = Debug|Any CPU
		{AFE5626C-4EBA-4F9F-AB9E-A6751F5D2090}.Debug|Any CPU.Build.0 = Debug|Any CPU
		{AFE5626C-4EBA-4F9F-AB9E-A6751F5D2090}.Debug|x64.ActiveCfg = Debug|Any CPU
		{AFE5626C-4EBA-4F9F-AB9E-A6751F5D2090}.Debug|x64.Build.0 = Debug|Any CPU
		{AFE5626C-4EBA-4F9F-AB9E-A6751F5D2090}.Debug|x86.ActiveCfg = Debug|Any CPU
		{AFE5626C-4EBA-4F9F-AB9E-A6751F5D2090}.Debug|x86.Build.0 = Debug|Any CPU
		{AFE5626C-4EBA-4F9F-AB9E-A6751F5D2090}.Release|Any CPU.ActiveCfg = Release|Any CPU
		{AFE5626C-4EBA-4F9F-AB9E-A6751F5D2090}.Release|Any CPU.Build.0 = Release|Any CPU
		{AFE5626C-4EBA-4F9F-AB9E-A6751F5D2090}.Release|x64.ActiveCfg = Release|Any CPU
		{AFE5626C-4EBA-4F9F-AB9E-A6751F5D2090}.Release|x64.Build.0 = Release|Any CPU
		{AFE5626C-4EBA-4F9F-AB9E-A6751F5D2090}.Release|x86.ActiveCfg = Release|Any CPU
		{AFE5626C-4EBA-4F9F-AB9E-A6751F5D2090}.Release|x86.Build.0 = Release|Any CPU
		{3F99ADCE-7D93-49B1-853C-7E9E6334BD90}.Debug|Any CPU.ActiveCfg = Debug|Any CPU
		{3F99ADCE-7D93-49B1-853C-7E9E6334BD90}.Debug|Any CPU.Build.0 = Debug|Any CPU
		{3F99ADCE-7D93-49B1-853C-7E9E6334BD90}.Debug|x64.ActiveCfg = Debug|Any CPU
		{3F99ADCE-7D93-49B1-853C-7E9E6334BD90}.Debug|x64.Build.0 = Debug|Any CPU
		{3F99ADCE-7D93-49B1-853C-7E9E6334BD90}.Debug|x86.ActiveCfg = Debug|Any CPU
		{3F99ADCE-7D93-49B1-853C-7E9E6334BD90}.Debug|x86.Build.0 = Debug|Any CPU
		{3F99ADCE-7D93-49B1-853C-7E9E6334BD90}.Release|Any CPU.ActiveCfg = Release|Any CPU
		{3F99ADCE-7D93-49B1-853C-7E9E6334BD90}.Release|Any CPU.Build.0 = Release|Any CPU
		{3F99ADCE-7D93-49B1-853C-7E9E6334BD90}.Release|x64.ActiveCfg = Release|Any CPU
		{3F99ADCE-7D93-49B1-853C-7E9E6334BD90}.Release|x64.Build.0 = Release|Any CPU
		{3F99ADCE-7D93-49B1-853C-7E9E6334BD90}.Release|x86.ActiveCfg = Release|Any CPU
		{3F99ADCE-7D93-49B1-853C-7E9E6334BD90}.Release|x86.Build.0 = Release|Any CPU
		{DCFE239C-8D5B-4B31-811E-1372F55AA106}.Debug|Any CPU.ActiveCfg = Debug|Any CPU
		{DCFE239C-8D5B-4B31-811E-1372F55AA106}.Debug|Any CPU.Build.0 = Debug|Any CPU
		{DCFE239C-8D5B-4B31-811E-1372F55AA106}.Debug|x64.ActiveCfg = Debug|Any CPU
		{DCFE239C-8D5B-4B31-811E-1372F55AA106}.Debug|x64.Build.0 = Debug|Any CPU
		{DCFE239C-8D5B-4B31-811E-1372F55AA106}.Debug|x86.ActiveCfg = Debug|Any CPU
		{DCFE239C-8D5B-4B31-811E-1372F55AA106}.Debug|x86.Build.0 = Debug|Any CPU
		{DCFE239C-8D5B-4B31-811E-1372F55AA106}.Release|Any CPU.ActiveCfg = Release|Any CPU
		{DCFE239C-8D5B-4B31-811E-1372F55AA106}.Release|Any CPU.Build.0 = Release|Any CPU
		{DCFE239C-8D5B-4B31-811E-1372F55AA106}.Release|x64.ActiveCfg = Release|Any CPU
		{DCFE239C-8D5B-4B31-811E-1372F55AA106}.Release|x64.Build.0 = Release|Any CPU
		{DCFE239C-8D5B-4B31-811E-1372F55AA106}.Release|x86.ActiveCfg = Release|Any CPU
		{DCFE239C-8D5B-4B31-811E-1372F55AA106}.Release|x86.Build.0 = Release|Any CPU
		{90256FC2-FBA2-42C8-854C-46BEB110050F}.Debug|Any CPU.ActiveCfg = Debug|Any CPU
		{90256FC2-FBA2-42C8-854C-46BEB110050F}.Debug|Any CPU.Build.0 = Debug|Any CPU
		{90256FC2-FBA2-42C8-854C-46BEB110050F}.Debug|x64.ActiveCfg = Debug|Any CPU
		{90256FC2-FBA2-42C8-854C-46BEB110050F}.Debug|x64.Build.0 = Debug|Any CPU
		{90256FC2-FBA2-42C8-854C-46BEB110050F}.Debug|x86.ActiveCfg = Debug|Any CPU
		{90256FC2-FBA2-42C8-854C-46BEB110050F}.Debug|x86.Build.0 = Debug|Any CPU
		{90256FC2-FBA2-42C8-854C-46BEB110050F}.Release|Any CPU.ActiveCfg = Release|Any CPU
		{90256FC2-FBA2-42C8-854C-46BEB110050F}.Release|Any CPU.Build.0 = Release|Any CPU
		{90256FC2-FBA2-42C8-854C-46BEB110050F}.Release|x64.ActiveCfg = Release|Any CPU
		{90256FC2-FBA2-42C8-854C-46BEB110050F}.Release|x64.Build.0 = Release|Any CPU
		{90256FC2-FBA2-42C8-854C-46BEB110050F}.Release|x86.ActiveCfg = Release|Any CPU
		{90256FC2-FBA2-42C8-854C-46BEB110050F}.Release|x86.Build.0 = Release|Any CPU
		{EFAB4B64-6AB7-482D-AAA7-FE4A99020664}.Debug|Any CPU.ActiveCfg = Debug|Any CPU
		{EFAB4B64-6AB7-482D-AAA7-FE4A99020664}.Debug|Any CPU.Build.0 = Debug|Any CPU
		{EFAB4B64-6AB7-482D-AAA7-FE4A99020664}.Debug|x64.ActiveCfg = Debug|Any CPU
		{EFAB4B64-6AB7-482D-AAA7-FE4A99020664}.Debug|x64.Build.0 = Debug|Any CPU
		{EFAB4B64-6AB7-482D-AAA7-FE4A99020664}.Debug|x86.ActiveCfg = Debug|Any CPU
		{EFAB4B64-6AB7-482D-AAA7-FE4A99020664}.Debug|x86.Build.0 = Debug|Any CPU
		{EFAB4B64-6AB7-482D-AAA7-FE4A99020664}.Release|Any CPU.ActiveCfg = Release|Any CPU
		{EFAB4B64-6AB7-482D-AAA7-FE4A99020664}.Release|Any CPU.Build.0 = Release|Any CPU
		{EFAB4B64-6AB7-482D-AAA7-FE4A99020664}.Release|x64.ActiveCfg = Release|Any CPU
		{EFAB4B64-6AB7-482D-AAA7-FE4A99020664}.Release|x64.Build.0 = Release|Any CPU
		{EFAB4B64-6AB7-482D-AAA7-FE4A99020664}.Release|x86.ActiveCfg = Release|Any CPU
		{EFAB4B64-6AB7-482D-AAA7-FE4A99020664}.Release|x86.Build.0 = Release|Any CPU
		{5056AA54-1C5F-4D9F-B3E3-EA34C40B279D}.Debug|Any CPU.ActiveCfg = Debug|Any CPU
		{5056AA54-1C5F-4D9F-B3E3-EA34C40B279D}.Debug|Any CPU.Build.0 = Debug|Any CPU
		{5056AA54-1C5F-4D9F-B3E3-EA34C40B279D}.Debug|x64.ActiveCfg = Debug|Any CPU
		{5056AA54-1C5F-4D9F-B3E3-EA34C40B279D}.Debug|x64.Build.0 = Debug|Any CPU
		{5056AA54-1C5F-4D9F-B3E3-EA34C40B279D}.Debug|x86.ActiveCfg = Debug|Any CPU
		{5056AA54-1C5F-4D9F-B3E3-EA34C40B279D}.Debug|x86.Build.0 = Debug|Any CPU
		{5056AA54-1C5F-4D9F-B3E3-EA34C40B279D}.Release|Any CPU.ActiveCfg = Release|Any CPU
		{5056AA54-1C5F-4D9F-B3E3-EA34C40B279D}.Release|Any CPU.Build.0 = Release|Any CPU
		{5056AA54-1C5F-4D9F-B3E3-EA34C40B279D}.Release|x64.ActiveCfg = Release|Any CPU
		{5056AA54-1C5F-4D9F-B3E3-EA34C40B279D}.Release|x64.Build.0 = Release|Any CPU
		{5056AA54-1C5F-4D9F-B3E3-EA34C40B279D}.Release|x86.ActiveCfg = Release|Any CPU
		{5056AA54-1C5F-4D9F-B3E3-EA34C40B279D}.Release|x86.Build.0 = Release|Any CPU
		{B848B3AB-D7D9-466D-9B1A-FEFC4DB44039}.Debug|Any CPU.ActiveCfg = Debug|Any CPU
		{B848B3AB-D7D9-466D-9B1A-FEFC4DB44039}.Debug|Any CPU.Build.0 = Debug|Any CPU
		{B848B3AB-D7D9-466D-9B1A-FEFC4DB44039}.Debug|x64.ActiveCfg = Debug|Any CPU
		{B848B3AB-D7D9-466D-9B1A-FEFC4DB44039}.Debug|x64.Build.0 = Debug|Any CPU
		{B848B3AB-D7D9-466D-9B1A-FEFC4DB44039}.Debug|x86.ActiveCfg = Debug|Any CPU
		{B848B3AB-D7D9-466D-9B1A-FEFC4DB44039}.Debug|x86.Build.0 = Debug|Any CPU
		{B848B3AB-D7D9-466D-9B1A-FEFC4DB44039}.Release|Any CPU.ActiveCfg = Release|Any CPU
		{B848B3AB-D7D9-466D-9B1A-FEFC4DB44039}.Release|Any CPU.Build.0 = Release|Any CPU
		{B848B3AB-D7D9-466D-9B1A-FEFC4DB44039}.Release|x64.ActiveCfg = Release|Any CPU
		{B848B3AB-D7D9-466D-9B1A-FEFC4DB44039}.Release|x64.Build.0 = Release|Any CPU
		{B848B3AB-D7D9-466D-9B1A-FEFC4DB44039}.Release|x86.ActiveCfg = Release|Any CPU
		{B848B3AB-D7D9-466D-9B1A-FEFC4DB44039}.Release|x86.Build.0 = Release|Any CPU
		{45D6C5E4-E883-4365-B080-F23C6BA8D6D1}.Debug|Any CPU.ActiveCfg = Debug|Any CPU
		{45D6C5E4-E883-4365-B080-F23C6BA8D6D1}.Debug|Any CPU.Build.0 = Debug|Any CPU
		{45D6C5E4-E883-4365-B080-F23C6BA8D6D1}.Debug|x64.ActiveCfg = Debug|Any CPU
		{45D6C5E4-E883-4365-B080-F23C6BA8D6D1}.Debug|x64.Build.0 = Debug|Any CPU
		{45D6C5E4-E883-4365-B080-F23C6BA8D6D1}.Debug|x86.ActiveCfg = Debug|Any CPU
		{45D6C5E4-E883-4365-B080-F23C6BA8D6D1}.Debug|x86.Build.0 = Debug|Any CPU
		{45D6C5E4-E883-4365-B080-F23C6BA8D6D1}.Release|Any CPU.ActiveCfg = Release|Any CPU
		{45D6C5E4-E883-4365-B080-F23C6BA8D6D1}.Release|Any CPU.Build.0 = Release|Any CPU
		{45D6C5E4-E883-4365-B080-F23C6BA8D6D1}.Release|x64.ActiveCfg = Release|Any CPU
		{45D6C5E4-E883-4365-B080-F23C6BA8D6D1}.Release|x64.Build.0 = Release|Any CPU
		{45D6C5E4-E883-4365-B080-F23C6BA8D6D1}.Release|x86.ActiveCfg = Release|Any CPU
		{45D6C5E4-E883-4365-B080-F23C6BA8D6D1}.Release|x86.Build.0 = Release|Any CPU
		{5D699024-D5DE-4EC9-BC32-A4B8C5AEF4CC}.Debug|Any CPU.ActiveCfg = Debug|Any CPU
		{5D699024-D5DE-4EC9-BC32-A4B8C5AEF4CC}.Debug|Any CPU.Build.0 = Debug|Any CPU
		{5D699024-D5DE-4EC9-BC32-A4B8C5AEF4CC}.Debug|x64.ActiveCfg = Debug|Any CPU
		{5D699024-D5DE-4EC9-BC32-A4B8C5AEF4CC}.Debug|x64.Build.0 = Debug|Any CPU
		{5D699024-D5DE-4EC9-BC32-A4B8C5AEF4CC}.Debug|x86.ActiveCfg = Debug|Any CPU
		{5D699024-D5DE-4EC9-BC32-A4B8C5AEF4CC}.Debug|x86.Build.0 = Debug|Any CPU
		{5D699024-D5DE-4EC9-BC32-A4B8C5AEF4CC}.Release|Any CPU.ActiveCfg = Release|Any CPU
		{5D699024-D5DE-4EC9-BC32-A4B8C5AEF4CC}.Release|Any CPU.Build.0 = Release|Any CPU
		{5D699024-D5DE-4EC9-BC32-A4B8C5AEF4CC}.Release|x64.ActiveCfg = Release|Any CPU
		{5D699024-D5DE-4EC9-BC32-A4B8C5AEF4CC}.Release|x64.Build.0 = Release|Any CPU
		{5D699024-D5DE-4EC9-BC32-A4B8C5AEF4CC}.Release|x86.ActiveCfg = Release|Any CPU
		{5D699024-D5DE-4EC9-BC32-A4B8C5AEF4CC}.Release|x86.Build.0 = Release|Any CPU
		{1FD61833-C9FF-436E-93CE-EF11943CB2B2}.Debug|Any CPU.ActiveCfg = Debug|Any CPU
		{1FD61833-C9FF-436E-93CE-EF11943CB2B2}.Debug|Any CPU.Build.0 = Debug|Any CPU
		{1FD61833-C9FF-436E-93CE-EF11943CB2B2}.Debug|x64.ActiveCfg = Debug|Any CPU
		{1FD61833-C9FF-436E-93CE-EF11943CB2B2}.Debug|x64.Build.0 = Debug|Any CPU
		{1FD61833-C9FF-436E-93CE-EF11943CB2B2}.Debug|x86.ActiveCfg = Debug|Any CPU
		{1FD61833-C9FF-436E-93CE-EF11943CB2B2}.Debug|x86.Build.0 = Debug|Any CPU
		{1FD61833-C9FF-436E-93CE-EF11943CB2B2}.Release|Any CPU.ActiveCfg = Release|Any CPU
		{1FD61833-C9FF-436E-93CE-EF11943CB2B2}.Release|Any CPU.Build.0 = Release|Any CPU
		{1FD61833-C9FF-436E-93CE-EF11943CB2B2}.Release|x64.ActiveCfg = Release|Any CPU
		{1FD61833-C9FF-436E-93CE-EF11943CB2B2}.Release|x64.Build.0 = Release|Any CPU
		{1FD61833-C9FF-436E-93CE-EF11943CB2B2}.Release|x86.ActiveCfg = Release|Any CPU
		{1FD61833-C9FF-436E-93CE-EF11943CB2B2}.Release|x86.Build.0 = Release|Any CPU
		{5DE74ABD-7661-441A-94FE-D5951683AFC2}.Debug|Any CPU.ActiveCfg = Debug|Any CPU
		{5DE74ABD-7661-441A-94FE-D5951683AFC2}.Debug|Any CPU.Build.0 = Debug|Any CPU
		{5DE74ABD-7661-441A-94FE-D5951683AFC2}.Debug|x64.ActiveCfg = Debug|Any CPU
		{5DE74ABD-7661-441A-94FE-D5951683AFC2}.Debug|x64.Build.0 = Debug|Any CPU
		{5DE74ABD-7661-441A-94FE-D5951683AFC2}.Debug|x86.ActiveCfg = Debug|Any CPU
		{5DE74ABD-7661-441A-94FE-D5951683AFC2}.Debug|x86.Build.0 = Debug|Any CPU
		{5DE74ABD-7661-441A-94FE-D5951683AFC2}.Release|Any CPU.ActiveCfg = Release|Any CPU
		{5DE74ABD-7661-441A-94FE-D5951683AFC2}.Release|Any CPU.Build.0 = Release|Any CPU
		{5DE74ABD-7661-441A-94FE-D5951683AFC2}.Release|x64.ActiveCfg = Release|Any CPU
		{5DE74ABD-7661-441A-94FE-D5951683AFC2}.Release|x64.Build.0 = Release|Any CPU
		{5DE74ABD-7661-441A-94FE-D5951683AFC2}.Release|x86.ActiveCfg = Release|Any CPU
		{5DE74ABD-7661-441A-94FE-D5951683AFC2}.Release|x86.Build.0 = Release|Any CPU
		{B2D3320C-45F3-4E46-92CD-4F72465FA9F6}.Debug|Any CPU.ActiveCfg = Debug|Any CPU
		{B2D3320C-45F3-4E46-92CD-4F72465FA9F6}.Debug|Any CPU.Build.0 = Debug|Any CPU
		{B2D3320C-45F3-4E46-92CD-4F72465FA9F6}.Debug|x64.ActiveCfg = Debug|Any CPU
		{B2D3320C-45F3-4E46-92CD-4F72465FA9F6}.Debug|x64.Build.0 = Debug|Any CPU
		{B2D3320C-45F3-4E46-92CD-4F72465FA9F6}.Debug|x86.ActiveCfg = Debug|Any CPU
		{B2D3320C-45F3-4E46-92CD-4F72465FA9F6}.Debug|x86.Build.0 = Debug|Any CPU
		{B2D3320C-45F3-4E46-92CD-4F72465FA9F6}.Release|Any CPU.ActiveCfg = Release|Any CPU
		{B2D3320C-45F3-4E46-92CD-4F72465FA9F6}.Release|Any CPU.Build.0 = Release|Any CPU
		{B2D3320C-45F3-4E46-92CD-4F72465FA9F6}.Release|x64.ActiveCfg = Release|Any CPU
		{B2D3320C-45F3-4E46-92CD-4F72465FA9F6}.Release|x64.Build.0 = Release|Any CPU
		{B2D3320C-45F3-4E46-92CD-4F72465FA9F6}.Release|x86.ActiveCfg = Release|Any CPU
		{B2D3320C-45F3-4E46-92CD-4F72465FA9F6}.Release|x86.Build.0 = Release|Any CPU
		{C3E4F5A6-B7C8-4D9E-AF01-234567890ABC}.Debug|Any CPU.ActiveCfg = Debug|Any CPU
		{C3E4F5A6-B7C8-4D9E-AF01-234567890ABC}.Debug|Any CPU.Build.0 = Debug|Any CPU
		{C3E4F5A6-B7C8-4D9E-AF01-234567890ABC}.Debug|x64.ActiveCfg = Debug|Any CPU
		{C3E4F5A6-B7C8-4D9E-AF01-234567890ABC}.Debug|x64.Build.0 = Debug|Any CPU
		{C3E4F5A6-B7C8-4D9E-AF01-234567890ABC}.Debug|x86.ActiveCfg = Debug|Any CPU
		{C3E4F5A6-B7C8-4D9E-AF01-234567890ABC}.Debug|x86.Build.0 = Debug|Any CPU
		{C3E4F5A6-B7C8-4D9E-AF01-234567890ABC}.Release|Any CPU.ActiveCfg = Release|Any CPU
		{C3E4F5A6-B7C8-4D9E-AF01-234567890ABC}.Release|Any CPU.Build.0 = Release|Any CPU
		{C3E4F5A6-B7C8-4D9E-AF01-234567890ABC}.Release|x64.ActiveCfg = Release|Any CPU
		{C3E4F5A6-B7C8-4D9E-AF01-234567890ABC}.Release|x64.Build.0 = Release|Any CPU
		{C3E4F5A6-B7C8-4D9E-AF01-234567890ABC}.Release|x86.ActiveCfg = Release|Any CPU
		{C3E4F5A6-B7C8-4D9E-AF01-234567890ABC}.Release|x86.Build.0 = Release|Any CPU
	EndGlobalSection
	GlobalSection(SolutionProperties) = preSolution
		HideSolutionNode = FALSE
	EndGlobalSection
	GlobalSection(NestedProjects) = preSolution
		{A1B2C3D4-E5F6-7890-ABCD-EF1234567801} = {A1B2C3D4-E5F6-7890-ABCD-EF123456780C}
		{A1B2C3D4-E5F6-7890-ABCD-EF1234567802} = {A1B2C3D4-E5F6-7890-ABCD-EF123456780C}
		{A1B2C3D4-E5F6-7890-ABCD-EF1234567803} = {A1B2C3D4-E5F6-7890-ABCD-EF123456780C}
		{A1B2C3D4-E5F6-7890-ABCD-EF1234567804} = {A1B2C3D4-E5F6-7890-ABCD-EF123456780C}
		{A1B2C3D4-E5F6-7890-ABCD-EF1234567805} = {A1B2C3D4-E5F6-7890-ABCD-EF123456780C}
		{A1B2C3D4-E5F6-7890-ABCD-EF1234567806} = {A1B2C3D4-E5F6-7890-ABCD-EF123456780C}
		{A1B2C3D4-E5F6-7890-ABCD-EF1234567807} = {A1B2C3D4-E5F6-7890-ABCD-EF123456780D}
		{A1B2C3D4-E5F6-7890-ABCD-EF1234567808} = {A1B2C3D4-E5F6-7890-ABCD-EF123456780D}
		{A1B2C3D4-E5F6-7890-ABCD-EF1234567809} = {A1B2C3D4-E5F6-7890-ABCD-EF123456780E}
		{A1B2C3D4-E5F6-7890-ABCD-EF123456780A} = {A1B2C3D4-E5F6-7890-ABCD-EF123456780E}
		{A1B2C3D4-E5F6-7890-ABCD-EF123456780B} = {A1B2C3D4-E5F6-7890-ABCD-EF123456780E}
		{A1B2C3D4-E5F6-7890-ABCD-EF123456780F} = {A1B2C3D4-E5F6-7890-ABCD-EF123456780E}
		{A1B2C3D4-E5F6-7890-ABCD-EF1234567810} = {A1B2C3D4-E5F6-7890-ABCD-EF123456780E}
		{A1B2C3D4-E5F6-7890-ABCD-EF1234567811} = {A1B2C3D4-E5F6-7890-ABCD-EF123456780E}
		{AFE5626C-4EBA-4F9F-AB9E-A6751F5D2090} = {A1B2C3D4-E5F6-7890-ABCD-EF123456780E}
		{3F99ADCE-7D93-49B1-853C-7E9E6334BD90} = {A1B2C3D4-E5F6-7890-ABCD-EF123456780E}
		{DCFE239C-8D5B-4B31-811E-1372F55AA106} = {A1B2C3D4-E5F6-7890-ABCD-EF123456780E}
		{90256FC2-FBA2-42C8-854C-46BEB110050F} = {A1B2C3D4-E5F6-7890-ABCD-EF123456780E}
		{A9925A53-726D-E7E9-6F0C-52EE0AA1193E} = {A1B2C3D4-E5F6-7890-ABCD-EF123456780E}
		{EFAB4B64-6AB7-482D-AAA7-FE4A99020664} = {A9925A53-726D-E7E9-6F0C-52EE0AA1193E}
		{5056AA54-1C5F-4D9F-B3E3-EA34C40B279D} = {A9925A53-726D-E7E9-6F0C-52EE0AA1193E}
		{B848B3AB-D7D9-466D-9B1A-FEFC4DB44039} = {A1B2C3D4-E5F6-7890-ABCD-EF123456780E}
		{45D6C5E4-E883-4365-B080-F23C6BA8D6D1} = {A1B2C3D4-E5F6-7890-ABCD-EF123456780E}
		{5D699024-D5DE-4EC9-BC32-A4B8C5AEF4CC} = {A1B2C3D4-E5F6-7890-ABCD-EF123456780C}
		{1FD61833-C9FF-436E-93CE-EF11943CB2B2} = {A1B2C3D4-E5F6-7890-ABCD-EF123456780D}
		{5DE74ABD-7661-441A-94FE-D5951683AFC2} = {A1B2C3D4-E5F6-7890-ABCD-EF123456780E}
		{B2D3320C-45F3-4E46-92CD-4F72465FA9F6} = {A1B2C3D4-E5F6-7890-ABCD-EF123456780E}
		{C3E4F5A6-B7C8-4D9E-AF01-234567890ABC} = {A1B2C3D4-E5F6-7890-ABCD-EF123456780E}
	EndGlobalSection
EndGlobal
